
Microsoft Visual Studio Solution File, Format Version 11.00
# Visual Studio 2010
Project("{FAE04EC0-301F-11D3-BF4B-00C04F79EFBC}") = "ChaosBroomRiver", "Assembly-CSharp.csproj", "{F8734CF8-FEC4-6AC7-0CF9-5217E38E929C}"
EndProject
Project("{FAE04EC0-301F-11D3-BF4B-00C04F79EFBC}") = "ChaosBroomRiver", "Assembly-CSharp-Editor.csproj", "{C9AB6CF9-A96C-A732-DB80-4EFB96EC69FD}"
EndProject
Global
	GlobalSection(SolutionConfigurationPlatforms) = preSolution
		Debug|Any CPU = Debug|Any CPU
		Release|Any CPU = Release|Any CPU
	EndGlobalSection
	GlobalSection(ProjectConfigurationPlatforms) = postSolution
		{F8734CF8-FEC4-6AC7-0CF9-5217E38E929C}.Debug|Any CPU.ActiveCfg = Debug|Any CPU
		{F8734CF8-FEC4-6AC7-0CF9-5217E38E929C}.Debug|Any CPU.Build.0 = Debug|Any CPU
		{F8734CF8-FEC4-6AC7-0CF9-5217E38E929C}.Release|Any CPU.ActiveCfg = Release|Any CPU
		{F8734CF8-FEC4-6AC7-0CF9-5217E38E929C}.Release|Any CPU.Build.0 = Release|Any CPU
		{C9AB6CF9-A96C-A732-DB80-4EFB96EC69FD}.Debug|Any CPU.ActiveCfg = Debug|Any CPU
		{C9AB6CF9-A96C-A732-DB80-4EFB96EC69FD}.Debug|Any CPU.Build.0 = Debug|Any CPU
		{C9AB6CF9-A96C-A732-DB80-4EFB96EC69FD}.Release|Any CPU.ActiveCfg = Release|Any CPU
		{C9AB6CF9-A96C-A732-DB80-4EFB96EC69FD}.Release|Any CPU.Build.0 = Release|Any CPU
	EndGlobalSection
	GlobalSection(SolutionProperties) = preSolution
		HideSolutionNode = FALSE
	EndGlobalSection
	GlobalSection(MonoDevelopProperties) = preSolution
		StartupItem = Assembly-CSharp.csproj
	EndGlobalSection
EndGlobal
